
Microsoft Visual Studio Solution File, Format Version 12.00
# Visual Studio 2015
Project("{FAE04EC0-301F-11D3-BF4B-00C04F79EFBC}") = "Prototype 1.CSharp", "Prototype 1.CSharp.csproj", "{9E0984D1-FC43-61FF-92E5-B1FDC5D47B28}"
EndProject
Project("{FAE04EC0-301F-11D3-BF4B-00C04F79EFBC}") = "Prototype 1.CSharp.Editor", "Prototype 1.CSharp.Editor.csproj", "{1DAFC12B-D340-6FBC-AB14-29B94BD2CF5C}"
EndProject
Global
	GlobalSection(SolutionConfigurationPlatforms) = preSolution
		Debug|Any CPU = Debug|Any CPU
		Release|Any CPU = Release|Any CPU
	EndGlobalSection
	GlobalSection(ProjectConfigurationPlatforms) = postSolution
		{9E0984D1-FC43-61FF-92E5-B1FDC5D47B28}.Debug|Any CPU.ActiveCfg = Debug|Any CPU
		{9E0984D1-FC43-61FF-92E5-B1FDC5D47B28}.Debug|Any CPU.Build.0 = Debug|Any CPU
		{9E0984D1-FC43-61FF-92E5-B1FDC5D47B28}.Release|Any CPU.ActiveCfg = Release|Any CPU
		{9E0984D1-FC43-61FF-92E5-B1FDC5D47B28}.Release|Any CPU.Build.0 = Release|Any CPU
		{1DAFC12B-D340-6FBC-AB14-29B94BD2CF5C}.Debug|Any CPU.ActiveCfg = Debug|Any CPU
		{1DAFC12B-D340-6FBC-AB14-29B94BD2CF5C}.Debug|Any CPU.Build.0 = Debug|Any CPU
		{1DAFC12B-D340-6FBC-AB14-29B94BD2CF5C}.Release|Any CPU.ActiveCfg = Release|Any CPU
		{1DAFC12B-D340-6FBC-AB14-29B94BD2CF5C}.Release|Any CPU.Build.0 = Release|Any CPU
	EndGlobalSection
	GlobalSection(SolutionProperties) = preSolution
		HideSolutionNode = FALSE
	EndGlobalSection
EndGlobal
